
Microsoft Visual Studio Solution File, Format Version 12.00
# Visual Studio Version 16
VisualStudioVersion = 16.0.30503.244
MinimumVisualStudioVersion = 15.0.26124.0
Project("{9A19103F-16F7-4668-BE54-9A1E7A4F7556}") = "ContosoUniversity", "src\ContosoUniversity\ContosoUniversity.csproj", "{F0197A70-7BF7-419D-9527-4D7A39070FB5}"
EndProject
Project("{9A19103F-16F7-4668-BE54-9A1E7A4F7556}") = "ContosoUniveristy.Tests", "specs\UnitTests\ContosoUniversityTests\ContosoUniveristy.Tests.csproj", "{DA0C7932-DE61-43F0-97CE-E59AFCA001E7}"
EndProject
Global
	GlobalSection(SolutionConfigurationPlatforms) = preSolution
		Debug|Any CPU = Debug|Any CPU
		Debug|x64 = Debug|x64
		Debug|x86 = Debug|x86
		Release|Any CPU = Release|Any CPU
		Release|x64 = Release|x64
		Release|x86 = Release|x86
	EndGlobalSection
	GlobalSection(ProjectConfigurationPlatforms) = postSolution
		{F0197A70-7BF7-419D-9527-4D7A39070FB5}.Debug|Any CPU.ActiveCfg = Debug|Any CPU
		{F0197A70-7BF7-419D-9527-4D7A39070FB5}.Debug|Any CPU.Build.0 = Debug|Any CPU
		{F0197A70-7BF7-419D-9527-4D7A39070FB5}.Debug|x64.ActiveCfg = Debug|Any CPU
		{F0197A70-7BF7-419D-9527-4D7A39070FB5}.Debug|x64.Build.0 = Debug|Any CPU
		{F0197A70-7BF7-419D-9527-4D7A39070FB5}.Debug|x86.ActiveCfg = Debug|Any CPU
		{F0197A70-7BF7-419D-9527-4D7A39070FB5}.Debug|x86.Build.0 = Debug|Any CPU
		{F0197A70-7BF7-419D-9527-4D7A39070FB5}.Release|Any CPU.ActiveCfg = Release|Any CPU
		{F0197A70-7BF7-419D-9527-4D7A39070FB5}.Release|Any CPU.Build.0 = Release|Any CPU
		{F0197A70-7BF7-419D-9527-4D7A39070FB5}.Release|x64.ActiveCfg = Release|Any CPU
		{F0197A70-7BF7-419D-9527-4D7A39070FB5}.Release|x64.Build.0 = Release|Any CPU
		{F0197A70-7BF7-419D-9527-4D7A39070FB5}.Release|x86.ActiveCfg = Release|Any CPU
		{F0197A70-7BF7-419D-9527-4D7A39070FB5}.Release|x86.Build.0 = Release|Any CPU
		{DA0C7932-DE61-43F0-97CE-E59AFCA001E7}.Debug|Any CPU.ActiveCfg = Debug|Any CPU
		{DA0C7932-DE61-43F0-97CE-E59AFCA001E7}.Debug|Any CPU.Build.0 = Debug|Any CPU
		{DA0C7932-DE61-43F0-97CE-E59AFCA001E7}.Debug|x64.ActiveCfg = Debug|Any CPU
		{DA0C7932-DE61-43F0-97CE-E59AFCA001E7}.Debug|x64.Build.0 = Debug|Any CPU
		{DA0C7932-DE61-43F0-97CE-E59AFCA001E7}.Debug|x86.ActiveCfg = Debug|Any CPU
		{DA0C7932-DE61-43F0-97CE-E59AFCA001E7}.Debug|x86.Build.0 = Debug|Any CPU
		{DA0C7932-DE61-43F0-97CE-E59AFCA001E7}.Release|Any CPU.ActiveCfg = Release|Any CPU
		{DA0C7932-DE61-43F0-97CE-E59AFCA001E7}.Release|Any CPU.Build.0 = Release|Any CPU
		{DA0C7932-DE61-43F0-97CE-E59AFCA001E7}.Release|x64.ActiveCfg = Release|Any CPU
		{DA0C7932-DE61-43F0-97CE-E59AFCA001E7}.Release|x64.Build.0 = Release|Any CPU
		{DA0C7932-DE61-43F0-97CE-E59AFCA001E7}.Release|x86.ActiveCfg = Release|Any CPU
		{DA0C7932-DE61-43F0-97CE-E59AFCA001E7}.Release|x86.Build.0 = Release|Any CPU
	EndGlobalSection
	GlobalSection(SolutionProperties) = preSolution
		HideSolutionNode = FALSE
	EndGlobalSection
	GlobalSection(ExtensibilityGlobals) = postSolution
		SolutionGuid = {F8DBD588-574B-417D-8B52-A8DD59002B3E}
	EndGlobalSection
EndGlobal
